Microsoft Visual Studio Solution File, Format Version 11.00
# Visual Studio 2008

Project("{D0D19215-9014-ACFC-CFB1-C6C31AFFB7BA}") = "QLearning", "Assembly-CSharp.csproj", "{DE3321A4-F0E3-1F95-9C2A-C4E6A447105C}"
EndProject
Global
	GlobalSection(SolutionConfigurationPlatforms) = preSolution
		Debug|Any CPU = Debug|Any CPU
		Release|Any CPU = Release|Any CPU
	EndGlobalSection
	GlobalSection(ProjectConfigurationPlatforms) = postSolution
		{DE3321A4-F0E3-1F95-9C2A-C4E6A447105C}.Debug|Any CPU.ActiveCfg = Debug|Any CPU
		{DE3321A4-F0E3-1F95-9C2A-C4E6A447105C}.Debug|Any CPU.Build.0 = Debug|Any CPU
		{DE3321A4-F0E3-1F95-9C2A-C4E6A447105C}.Release|Any CPU.ActiveCfg = Release|Any CPU
		{DE3321A4-F0E3-1F95-9C2A-C4E6A447105C}.Release|Any CPU.Build.0 = Release|Any CPU
	EndGlobalSection
	GlobalSection(SolutionProperties) = preSolution
		HideSolutionNode = FALSE
	EndGlobalSection
	GlobalSection(MonoDevelopProperties) = preSolution
		StartupItem = Assembly-CSharp.csproj
	EndGlobalSection
EndGlobal
