Microsoft Visual Studio Solution File, Format Version 11.00
# Visual Studio 2008

Project("{76A02E24-CE32-BE2E-9397-12AB92D0C9E6}") = "QLearningRobot", "Assembly-CSharp.csproj", "{A175F8BD-45DF-B7B6-D96F-E9EA958A5C7A}"
EndProject
Global
	GlobalSection(SolutionConfigurationPlatforms) = preSolution
		Debug|Any CPU = Debug|Any CPU
		Release|Any CPU = Release|Any CPU
	EndGlobalSection
	GlobalSection(ProjectConfigurationPlatforms) = postSolution
		{A175F8BD-45DF-B7B6-D96F-E9EA958A5C7A}.Debug|Any CPU.ActiveCfg = Debug|Any CPU
		{A175F8BD-45DF-B7B6-D96F-E9EA958A5C7A}.Debug|Any CPU.Build.0 = Debug|Any CPU
		{A175F8BD-45DF-B7B6-D96F-E9EA958A5C7A}.Release|Any CPU.ActiveCfg = Release|Any CPU
		{A175F8BD-45DF-B7B6-D96F-E9EA958A5C7A}.Release|Any CPU.Build.0 = Release|Any CPU
	EndGlobalSection
	GlobalSection(SolutionProperties) = preSolution
		HideSolutionNode = FALSE
	EndGlobalSection
	GlobalSection(MonoDevelopProperties) = preSolution
		StartupItem = Assembly-CSharp.csproj
	EndGlobalSection
EndGlobal
